
Microsoft Visual Studio Solution File, Format Version 12.00
# Visual Studio Version 17
VisualStudioVersion = 17.2.32630.192
MinimumVisualStudioVersion = 10.0.40219.1
Project("{8BC9CEB8-8B4A-11D0-8D11-00A0C91BC942}") = "CS105_A2", "CS105_A2.vcxproj", "{3B4C0D03-7890-4DB7-8656-B62DD8B3B351}"
EndProject
Global
	GlobalSection(SolutionConfigurationPlatforms) = preSolution
		Debug|x64 = Debug|x64
		Debug|x86 = Debug|x86
		Release|x64 = Release|x64
		Release|x86 = Release|x86
	EndGlobalSection
	GlobalSection(ProjectConfigurationPlatforms) = postSolution
		{3B4C0D03-7890-4DB7-8656-B62DD8B3B351}.Debug|x64.ActiveCfg = Debug|x64
		{3B4C0D03-7890-4DB7-8656-B62DD8B3B351}.Debug|x64.Build.0 = Debug|x64
		{3B4C0D03-7890-4DB7-8656-B62DD8B3B351}.Debug|x86.ActiveCfg = Debug|Win32
		{3B4C0D03-7890-4DB7-8656-B62DD8B3B351}.Debug|x86.Build.0 = Debug|Win32
		{3B4C0D03-7890-4DB7-8656-B62DD8B3B351}.Release|x64.ActiveCfg = Release|x64
		{3B4C0D03-7890-4DB7-8656-B62DD8B3B351}.Release|x64.Build.0 = Release|x64
		{3B4C0D03-7890-4DB7-8656-B62DD8B3B351}.Release|x86.ActiveCfg = Release|Win32
		{3B4C0D03-7890-4DB7-8656-B62DD8B3B351}.Release|x86.Build.0 = Release|Win32
	EndGlobalSection
	GlobalSection(SolutionProperties) = preSolution
		HideSolutionNode = FALSE
	EndGlobalSection
	GlobalSection(ExtensibilityGlobals) = postSolution
		SolutionGuid = {F830FB9C-C066-43E9-BDEF-D04A3EBC95B0}
	EndGlobalSection
EndGlobal
